
Microsoft Visual Studio Solution File, Format Version 12.00
# Visual Studio Version 17
VisualStudioVersion = 17.13.35828.75
MinimumVisualStudioVersion = 10.0.40219.1
Project("{FAE04EC0-301F-11D3-BF4B-00C04F79EFBC}") = "Revalidator.Web", "Revalidator.Web.csproj", "{21D5ABBF-CD8C-4265-B46B-7556CDB48E8A}"
EndProject
Project("{FAE04EC0-301F-11D3-BF4B-00C04F79EFBC}") = "ReValidator.Contracts", "..\ReValidator.Contracts\ReValidator.Contracts.csproj", "{AB0D90BA-0AB0-9EE1-FEB4-BDE890F53640}"
EndProject
Project("{FAE04EC0-301F-11D3-BF4B-00C04F79EFBC}") = "ReValidator", "..\ReValidator.Services\ReValidator.csproj", "{8ACBDEB6-1619-45B5-9C0C-46DF02D82D45}"
EndProject
Project("{FAE04EC0-301F-11D3-BF4B-00C04F79EFBC}") = "Validations.Benchmarking", "..\Validations.Benchmarking\Validations.Benchmarking.csproj", "{A80CCBE9-B477-422D-98BD-3B689A23004B}"
EndProject
Project("{FAE04EC0-301F-11D3-BF4B-00C04F79EFBC}") = "ReValidator.Validation.MinimalApi", "..\ReValidator.Validation.MinimalApi\ReValidator.Validation.MinimalApi.csproj", "{CD24139F-B64E-4350-B42C-F9520B2C72CD}"
EndProject
Project("{FAE04EC0-301F-11D3-BF4B-00C04F79EFBC}") = "ReValidator.Tests", "..\ReValidator.Tests\ReValidator.Tests.csproj", "{7E74FC8D-E179-4836-A3D0-BB75C8C5E030}"
EndProject
Global
	GlobalSection(SolutionConfigurationPlatforms) = preSolution
		Debug|Any CPU = Debug|Any CPU
		Release|Any CPU = Release|Any CPU
	EndGlobalSection
	GlobalSection(ProjectConfigurationPlatforms) = postSolution
		{21D5ABBF-CD8C-4265-B46B-7556CDB48E8A}.Debug|Any CPU.ActiveCfg = Debug|Any CPU
		{21D5ABBF-CD8C-4265-B46B-7556CDB48E8A}.Debug|Any CPU.Build.0 = Debug|Any CPU
		{21D5ABBF-CD8C-4265-B46B-7556CDB48E8A}.Release|Any CPU.ActiveCfg = Release|Any CPU
		{21D5ABBF-CD8C-4265-B46B-7556CDB48E8A}.Release|Any CPU.Build.0 = Release|Any CPU
		{AB0D90BA-0AB0-9EE1-FEB4-BDE890F53640}.Debug|Any CPU.ActiveCfg = Debug|Any CPU
		{AB0D90BA-0AB0-9EE1-FEB4-BDE890F53640}.Debug|Any CPU.Build.0 = Debug|Any CPU
		{AB0D90BA-0AB0-9EE1-FEB4-BDE890F53640}.Release|Any CPU.ActiveCfg = Release|Any CPU
		{AB0D90BA-0AB0-9EE1-FEB4-BDE890F53640}.Release|Any CPU.Build.0 = Release|Any CPU
		{8ACBDEB6-1619-45B5-9C0C-46DF02D82D45}.Debug|Any CPU.ActiveCfg = Debug|Any CPU
		{8ACBDEB6-1619-45B5-9C0C-46DF02D82D45}.Debug|Any CPU.Build.0 = Debug|Any CPU
		{8ACBDEB6-1619-45B5-9C0C-46DF02D82D45}.Release|Any CPU.ActiveCfg = Release|Any CPU
		{8ACBDEB6-1619-45B5-9C0C-46DF02D82D45}.Release|Any CPU.Build.0 = Release|Any CPU
		{A80CCBE9-B477-422D-98BD-3B689A23004B}.Debug|Any CPU.ActiveCfg = Debug|Any CPU
		{A80CCBE9-B477-422D-98BD-3B689A23004B}.Debug|Any CPU.Build.0 = Debug|Any CPU
		{A80CCBE9-B477-422D-98BD-3B689A23004B}.Release|Any CPU.ActiveCfg = Release|Any CPU
		{A80CCBE9-B477-422D-98BD-3B689A23004B}.Release|Any CPU.Build.0 = Release|Any CPU
		{CD24139F-B64E-4350-B42C-F9520B2C72CD}.Debug|Any CPU.ActiveCfg = Debug|Any CPU
		{CD24139F-B64E-4350-B42C-F9520B2C72CD}.Debug|Any CPU.Build.0 = Debug|Any CPU
		{CD24139F-B64E-4350-B42C-F9520B2C72CD}.Release|Any CPU.ActiveCfg = Release|Any CPU
		{CD24139F-B64E-4350-B42C-F9520B2C72CD}.Release|Any CPU.Build.0 = Release|Any CPU
		{7E74FC8D-E179-4836-A3D0-BB75C8C5E030}.Debug|Any CPU.ActiveCfg = Debug|Any CPU
		{7E74FC8D-E179-4836-A3D0-BB75C8C5E030}.Debug|Any CPU.Build.0 = Debug|Any CPU
		{7E74FC8D-E179-4836-A3D0-BB75C8C5E030}.Release|Any CPU.ActiveCfg = Release|Any CPU
		{7E74FC8D-E179-4836-A3D0-BB75C8C5E030}.Release|Any CPU.Build.0 = Release|Any CPU
	EndGlobalSection
	GlobalSection(SolutionProperties) = preSolution
		HideSolutionNode = FALSE
	EndGlobalSection
	GlobalSection(ExtensibilityGlobals) = postSolution
		SolutionGuid = {227E0975-A461-4B81-B228-719B71E55999}
	EndGlobalSection
EndGlobal
